
Microsoft Visual Studio Solution File, Format Version 12.00
# Visual Studio Version 17
VisualStudioVersion = 17.7.34031.279
MinimumVisualStudioVersion = 10.0.40219.1
Project("{FAE04EC0-301F-11D3-BF4B-00C04F79EFBC}") = "method extraction", "method extraction\method extraction.csproj", "{00540F22-B5C9-4377-82BE-7EDDA0115AFC}"
EndProject
Global
	GlobalSection(SolutionConfigurationPlatforms) = preSolution
		Debug|Any CPU = Debug|Any CPU
		Release|Any CPU = Release|Any CPU
	EndGlobalSection
	GlobalSection(ProjectConfigurationPlatforms) = postSolution
		{00540F22-B5C9-4377-82BE-7EDDA0115AFC}.Debug|Any CPU.ActiveCfg = Debug|Any CPU
		{00540F22-B5C9-4377-82BE-7EDDA0115AFC}.Debug|Any CPU.Build.0 = Debug|Any CPU
		{00540F22-B5C9-4377-82BE-7EDDA0115AFC}.Release|Any CPU.ActiveCfg = Release|Any CPU
		{00540F22-B5C9-4377-82BE-7EDDA0115AFC}.Release|Any CPU.Build.0 = Release|Any CPU
	EndGlobalSection
	GlobalSection(SolutionProperties) = preSolution
		HideSolutionNode = FALSE
	EndGlobalSection
	GlobalSection(ExtensibilityGlobals) = postSolution
		SolutionGuid = {259F4BB9-145C-4252-8DD2-867745E26520}
	EndGlobalSection
EndGlobal
